// !$*UTF8*$!
{
	archiveVersion = 1;
	classes = {
	};
	objectVersion = 77;
	objects = {

/* Begin PBXContainerItemProxy section */
		F39C0A942DB0B23300881EFE /* PBXContainerItemProxy */ = {
			isa = PBXContainerItemProxy;
			containerPortal = F39C0A7B2DB0B23200881EFE /* Project object */;
			proxyType = 1;
			remoteGlobalIDString = F39C0A822DB0B23200881EFE;
			remoteInfo = ScholarHelp;
		};
		F39C0A9E2DB0B23300881EFE /* PBXContainerItemProxy */ = {
			isa = PBXContainerItemProxy;
			containerPortal = F39C0A7B2DB0B23200881EFE /* Project object */;
			proxyType = 1;
			remoteGlobalIDString = F39C0A822DB0B23200881EFE;
			remoteInfo = ScholarHelp;
		};
/* End PBXContainerItemProxy section */

/* Begin PBXFileReference section */
		F39C0A832DB0B23200881EFE /* ScholarHelp.app */ = {isa = PBXFileReference; explicitFileType = wrapper.application; includeInIndex = 0; path = ScholarHelp.app; sourceTree = BUILT_PRODUCTS_DIR; };
		F39C0A932DB0B23300881EFE /* ScholarHelpTests.xctest */ = {isa = PBXFileReference; explicitFileType = wrapper.cfbundle; includeInIndex = 0; path = ScholarHelpTests.xctest; sourceTree = BUILT_PRODUCTS_DIR; };
		F39C0A9D2DB0B23300881EFE /* ScholarHelpUITests.xctest */ = {isa = PBXFileReference; explicitFileType = wrapper.cfbundle; includeInIndex = 0; path = ScholarHelpUITests.xctest; sourceTree = BUILT_PRODUCTS_DIR; };
/* End PBXFileReference section */

/* Begin PBXFileSystemSynchronizedRootGroup section */
		F39C0A852DB0B23200881EFE /* ScholarHelp */ = {
			isa = PBXFileSystemSynchronizedRootGroup;
			path = ScholarHelp;
			sourceTree = "<group>";
		};
		F39C0A962DB0B23300881EFE /* ScholarHelpTests */ = {
			isa = PBXFileSystemSynchronizedRootGroup;
			path = ScholarHelpTests;
			sourceTree = "<group>";
		};
		F39C0AA02DB0B23300881EFE /* ScholarHelpUITests */ = {
			isa = PBXFileSystemSynchronizedRootGroup;
			path = ScholarHelpUITests;
			sourceTree = "<group>";
		};
/* End PBXFileSystemSynchronizedRootGroup section */

/* Begin PBXFrameworksBuildPhase section */
		F39C0A802DB0B23200881EFE /* Frameworks */ = {
			isa = PBXFrameworksBuildPhase;
			buildActionMask = 2147483647;
			files = (
			);
			runOnlyForDeploymentPostprocessing = 0;
		};
		F39C0A902DB0B23300881EFE /* Frameworks */ = {
			isa = PBXFrameworksBuildPhase;
			buildActionMask = 2147483647;
			files = (
			);
			runOnlyForDeploymentPostprocessing = 0;
		};
		F39C0A9A2DB0B23300881EFE /* Frameworks */ = {
			isa = PBXFrameworksBuildPhase;
			buildActionMask = 2147483647;
			files = (
			);
			runOnlyForDeploymentPostprocessing = 0;
		};
/* End PBXFrameworksBuildPhase section */

/* Begin PBXGroup section */
		F39C0A7A2DB0B23200881EFE = {
			isa = PBXGroup;
			children = (
				F39C0A852DB0B23200881EFE /* ScholarHelp */,
				F39C0A962DB0B23300881EFE /* ScholarHelpTests */,
				F39C0AA02DB0B23300881EFE /* ScholarHelpUITests */,
				F39C0A842DB0B23200881EFE /* Products */,
			);
			sourceTree = "<group>";
		};
		F39C0A842DB0B23200881EFE /* Products */ = {
			isa = PBXGroup;
			children = (
				F39C0A832DB0B23200881EFE /* ScholarHelp.app */,
				F39C0A932DB0B23300881EFE /* ScholarHelpTests.xctest */,
				F39C0A9D2DB0B23300881EFE /* ScholarHelpUITests.xctest */,
			);
			name = Products;
			sourceTree = "<group>";
		};
/* End PBXGroup section */

/* Begin PBXNativeTarget section */
		F39C0A822DB0B23200881EFE /* ScholarHelp */ = {
			isa = PBXNativeTarget;
			buildConfigurationList = F39C0AA72DB0B23300881EFE /* Build configuration list for PBXNativeTarget "ScholarHelp" */;
			buildPhases = (
				F39C0A7F2DB0B23200881EFE /* Sources */,
				F39C0A802DB0B23200881EFE /* Frameworks */,
				F39C0A812DB0B23200881EFE /* Resources */,
			);
			buildRules = (
			);
			dependencies = (
			);
			fileSystemSynchronizedGroups = (
				F39C0A852DB0B23200881EFE /* ScholarHelp */,
			);
			name = ScholarHelp;
			packageProductDependencies = (
			);
			productName = ScholarHelp;
			productReference = F39C0A832DB0B23200881EFE /* ScholarHelp.app */;
			productType = "com.apple.product-type.application";
		};
		F39C0A922DB0B23300881EFE /* ScholarHelpTests */ = {
			isa = PBXNativeTarget;
			buildConfigurationList = F39C0AAA2DB0B23300881EFE /* Build configuration list for PBXNativeTarget "ScholarHelpTests" */;
			buildPhases = (
				F39C0A8F2DB0B23300881EFE /* Sources */,
				F39C0A902DB0B23300881EFE /* Frameworks */,
				F39C0A912DB0B23300881EFE /* Resources */,
			);
			buildRules = (
			);
			dependencies = (
				F39C0A952DB0B23300881EFE /* PBXTargetDependency */,
			);
			fileSystemSynchronizedGroups = (
				F39C0A962DB0B23300881EFE /* ScholarHelpTests */,
			);
			name = ScholarHelpTests;
			packageProductDependencies = (
			);
			productName = ScholarHelpTests;
			productReference = F39C0A932DB0B23300881EFE /* ScholarHelpTests.xctest */;
			productType = "com.apple.product-type.bundle.unit-test";
		};
		F39C0A9C2DB0B23300881EFE /* ScholarHelpUITests */ = {
			isa = PBXNativeTarget;
			buildConfigurationList = F39C0AAD2DB0B23300881EFE /* Build configuration list for PBXNativeTarget "ScholarHelpUITests" */;
			buildPhases = (
				F39C0A992DB0B23300881EFE /* Sources */,
				F39C0A9A2DB0B23300881EFE /* Frameworks */,
				F39C0A9B2DB0B23300881EFE /* Resources */,
			);
			buildRules = (
			);
			dependencies = (
				F39C0A9F2DB0B23300881EFE /* PBXTargetDependency */,
			);
			fileSystemSynchronizedGroups = (
				F39C0AA02DB0B23300881EFE /* ScholarHelpUITests */,
			);
			name = ScholarHelpUITests;
			packageProductDependencies = (
			);
			productName = ScholarHelpUITests;
			productReference = F39C0A9D2DB0B23300881EFE /* ScholarHelpUITests.xctest */;
			productType = "com.apple.product-type.bundle.ui-testing";
		};
/* End PBXNativeTarget section */

/* Begin PBXProject section */
		F39C0A7B2DB0B23200881EFE /* Project object */ = {
			isa = PBXProject;
			attributes = {
				BuildIndependentTargetsInParallel = 1;
				LastSwiftUpdateCheck = 1620;
				LastUpgradeCheck = 1620;
				TargetAttributes = {
					F39C0A822DB0B23200881EFE = {
						CreatedOnToolsVersion = 16.2;
					};
					F39C0A922DB0B23300881EFE = {
						CreatedOnToolsVersion = 16.2;
						TestTargetID = F39C0A822DB0B23200881EFE;
					};
					F39C0A9C2DB0B23300881EFE = {
						CreatedOnToolsVersion = 16.2;
						TestTargetID = F39C0A822DB0B23200881EFE;
					};
				};
			};
			buildConfigurationList = F39C0A7E2DB0B23200881EFE /* Build configuration list for PBXProject "ScholarHelp" */;
			developmentRegion = en;
			hasScannedForEncodings = 0;
			knownRegions = (
				en,
				Base,
			);
			mainGroup = F39C0A7A2DB0B23200881EFE;
			minimizedProjectReferenceProxies = 1;
			preferredProjectObjectVersion = 77;
			productRefGroup = F39C0A842DB0B23200881EFE /* Products */;
			projectDirPath = "";
			projectRoot = "";
			targets = (
				F39C0A822DB0B23200881EFE /* ScholarHelp */,
				F39C0A922DB0B23300881EFE /* ScholarHelpTests */,
				F39C0A9C2DB0B23300881EFE /* ScholarHelpUITests */,
			);
		};
/* End PBXProject section */

/* Begin PBXResourcesBuildPhase section */
		F39C0A812DB0B23200881EFE /* Resources */ = {
			isa = PBXResourcesBuildPhase;
			buildActionMask = 2147483647;
			files = (
			);
			runOnlyForDeploymentPostprocessing = 0;
		};
		F39C0A912DB0B23300881EFE /* Resources */ = {
			isa = PBXResourcesBuildPhase;
			buildActionMask = 2147483647;
			files = (
			);
			runOnlyForDeploymentPostprocessing = 0;
		};
		F39C0A9B2DB0B23300881EFE /* Resources */ = {
			isa = PBXResourcesBuildPhase;
			buildActionMask = 2147483647;
			files = (
			);
			runOnlyForDeploymentPostprocessing = 0;
		};
/* End PBXResourcesBuildPhase section */

/* Begin PBXSourcesBuildPhase section */
		F39C0A7F2DB0B23200881EFE /* Sources */ = {
			isa = PBXSourcesBuildPhase;
			buildActionMask = 2147483647;
			files = (
			);
			runOnlyForDeploymentPostprocessing = 0;
		};
		F39C0A8F2DB0B23300881EFE /* Sources */ = {
			isa = PBXSourcesBuildPhase;
			buildActionMask = 2147483647;
			files = (
			);
			runOnlyForDeploymentPostprocessing = 0;
		};
		F39C0A992DB0B23300881EFE /* Sources */ = {
			isa = PBXSourcesBuildPhase;
			buildActionMask = 2147483647;
			files = (
			);
			runOnlyForDeploymentPostprocessing = 0;
		};
/* End PBXSourcesBuildPhase section */

/* Begin PBXTargetDependency section */
		F39C0A952DB0B23300881EFE /* PBXTargetDependency */ = {
			isa = PBXTargetDependency;
			target = F39C0A822DB0B23200881EFE /* ScholarHelp */;
			targetProxy = F39C0A942DB0B23300881EFE /* PBXContainerItemProxy */;
		};
		F39C0A9F2DB0B23300881EFE /* PBXTargetDependency */ = {
			isa = PBXTargetDependency;
			target = F39C0A822DB0B23200881EFE /* ScholarHelp */;
			targetProxy = F39C0A9E2DB0B23300881EFE /* PBXContainerItemProxy */;
		};
/* End PBXTargetDependency section */

/* Begin XCBuildConfiguration section */
		F39C0AA52DB0B23300881EFE /* Debug */ = {
			isa = XCBuildConfiguration;
			buildSettings = {
				ALWAYS_SEARCH_USER_PATHS = NO;
				ASSETCATALOG_COMPILER_GENERATE_SWIFT_ASSET_SYMBOL_EXTENSIONS = YES;
				CLANG_ANALYZER_NONNULL = YES;
				CLANG_ANALYZER_NUMBER_OBJECT_CONVERSION = YES_AGGRESSIVE;
				CLANG_CXX_LANGUAGE_STANDARD = "gnu++20";
				CLANG_ENABLE_MODULES = YES;
				CLANG_ENABLE_OBJC_ARC = YES;
				CLANG_ENABLE_OBJC_WEAK = YES;
				CLANG_WARN_BLOCK_CAPTURE_AUTORELEASING = YES;
				CLANG_WARN_BOOL_CONVERSION = YES;
				CLANG_WARN_COMMA = YES;
				CLANG_WARN_CONSTANT_CONVERSION = YES;
				CLANG_WARN_DEPRECATED_OBJC_IMPLEMENTATIONS = YES;
				CLANG_WARN_DIRECT_OBJC_ISA_USAGE = YES_ERROR;
				CLANG_WARN_DOCUMENTATION_COMMENTS = YES;
				CLANG_WARN_EMPTY_BODY = YES;
				CLANG_WARN_ENUM_CONVERSION = YES;
				CLANG_WARN_INFINITE_RECURSION = YES;
				CLANG_WARN_INT_CONVERSION = YES;
				CLANG_WARN_NON_LITERAL_NULL_CONVERSION = YES;
				CLANG_WARN_OBJC_IMPLICIT_RETAIN_SELF = YES;
				CLANG_WARN_OBJC_LITERAL_CONVERSION = YES;
				CLANG_WARN_OBJC_ROOT_CLASS = YES_ERROR;
				CLANG_WARN_QUOTED_INCLUDE_IN_FRAMEWORK_HEADER = YES;
				CLANG_WARN_RANGE_LOOP_ANALYSIS = YES;
				CLANG_WARN_STRICT_PROTOTYPES = YES;
				CLANG_WARN_SUSPICIOUS_MOVE = YES;
				CLANG_WARN_UNGUARDED_AVAILABILITY = YES_AGGRESSIVE;
				CLANG_WARN_UNREACHABLE_CODE = YES;
				CLANG_WARN__DUPLICATE_METHOD_MATCH = YES;
				COPY_PHASE_STRIP = NO;
				DEBUG_INFORMATION_FORMAT = dwarf;
				ENABLE_STRICT_OBJC_MSGSEND = YES;
				ENABLE_TESTABILITY = YES;
				ENABLE_USER_SCRIPT_SANDBOXING = YES;
				GCC_C_LANGUAGE_STANDARD = gnu17;
				GCC_DYNAMIC_NO_PIC = NO;
				GCC_NO_COMMON_BLOCKS = YES;
				GCC_OPTIMIZATION_LEVEL = 0;
				GCC_PREPROCESSOR_DEFINITIONS = (
					"DEBUG=1",
					"$(inherited)",
				);
				GCC_WARN_64_TO_32_BIT_CONVERSION = YES;
				GCC_WARN_ABOUT_RETURN_TYPE = YES_ERROR;
				GCC_WARN_UNDECLARED_SELECTOR = YES;
				GCC_WARN_UNINITIALIZED_AUTOS = YES_AGGRESSIVE;
				GCC_WARN_UNUSED_FUNCTION = YES;
				GCC_WARN_UNUSED_VARIABLE = YES;
				IPHONEOS_DEPLOYMENT_TARGET = 18.2;
				LOCALIZATION_PREFERS_STRING_CATALOGS = YES;
				MTL_ENABLE_DEBUG_INFO = INCLUDE_SOURCE;
				MTL_FAST_MATH = YES;
				ONLY_ACTIVE_ARCH = YES;
				SDKROOT = iphoneos;
				SWIFT_ACTIVE_COMPILATION_CONDITIONS = "DEBUG $(inherited)";
				SWIFT_OPTIMIZATION_LEVEL = "-Onone";
			};
			name = Debug;
		};
		F39C0AA62DB0B23300881EFE /* Release */ = {
			isa = XCBuildConfiguration;
			buildSettings = {
				ALWAYS_SEARCH_USER_PATHS = NO;
				ASSETCATALOG_COMPILER_GENERATE_SWIFT_ASSET_SYMBOL_EXTENSIONS = YES;
				CLANG_ANALYZER_NONNULL = YES;
				CLANG_ANALYZER_NUMBER_OBJECT_CONVERSION = YES_AGGRESSIVE;
				CLANG_CXX_LANGUAGE_STANDARD = "gnu++20";
				CLANG_ENABLE_MODULES = YES;
				CLANG_ENABLE_OBJC_ARC = YES;
				CLANG_ENABLE_OBJC_WEAK = YES;
				CLANG_WARN_BLOCK_CAPTURE_AUTORELEASING = YES;
				CLANG_WARN_BOOL_CONVERSION = YES;
				CLANG_WARN_COMMA = YES;
				CLANG_WARN_CONSTANT_CONVERSION = YES;
				CLANG_WARN_DEPRECATED_OBJC_IMPLEMENTATIONS = YES;
				CLANG_WARN_DIRECT_OBJC_ISA_USAGE = YES_ERROR;
				CLANG_WARN_DOCUMENTATION_COMMENTS = YES;
				CLANG_WARN_EMPTY_BODY = YES;
				CLANG_WARN_ENUM_CONVERSION = YES;
				CLANG_WARN_INFINITE_RECURSION = YES;
				CLANG_WARN_INT_CONVERSION = YES;
				CLANG_WARN_NON_LITERAL_NULL_CONVERSION = YES;
				CLANG_WARN_OBJC_IMPLICIT_RETAIN_SELF = YES;
				CLANG_WARN_OBJC_LITERAL_CONVERSION = YES;
				CLANG_WARN_OBJC_ROOT_CLASS = YES_ERROR;
				CLANG_WARN_QUOTED_INCLUDE_IN_FRAMEWORK_HEADER = YES;
				CLANG_WARN_RANGE_LOOP_ANALYSIS = YES;
				CLANG_WARN_STRICT_PROTOTYPES = YES;
				CLANG_WARN_SUSPICIOUS_MOVE = YES;
				CLANG_WARN_UNGUARDED_AVAILABILITY = YES_AGGRESSIVE;
				CLANG_WARN_UNREACHABLE_CODE = YES;
				CLANG_WARN__DUPLICATE_METHOD_MATCH = YES;
				COPY_PHASE_STRIP = NO;
				DEBUG_INFORMATION_FORMAT = "dwarf-with-dsym";
				ENABLE_NS_ASSERTIONS = NO;
				ENABLE_STRICT_OBJC_MSGSEND = YES;
				ENABLE_USER_SCRIPT_SANDBOXING = YES;
				GCC_C_LANGUAGE_STANDARD = gnu17;
				GCC_NO_COMMON_BLOCKS = YES;
				GCC_WARN_64_TO_32_BIT_CONVERSION = YES;
				GCC_WARN_ABOUT_RETURN_TYPE = YES_ERROR;
				GCC_WARN_UNDECLARED_SELECTOR = YES;
				GCC_WARN_UNINITIALIZED_AUTOS = YES_AGGRESSIVE;
				GCC_WARN_UNUSED_FUNCTION = YES;
				GCC_WARN_UNUSED_VARIABLE = YES;
				IPHONEOS_DEPLOYMENT_TARGET = 18.2;
				LOCALIZATION_PREFERS_STRING_CATALOGS = YES;
				MTL_ENABLE_DEBUG_INFO = NO;
				MTL_FAST_MATH = YES;
				SDKROOT = iphoneos;
				SWIFT_COMPILATION_MODE = wholemodule;
				VALIDATE_PRODUCT = YES;
			};
			name = Release;
		};
		F39C0AA82DB0B23300881EFE /* Debug */ = {
			isa = XCBuildConfiguration;
			buildSettings = {
				ASSETCATALOG_COMPILER_APPICON_NAME = AppIcon;
				ASSETCATALOG_COMPILER_GLOBAL_ACCENT_COLOR_NAME = AccentColor;
				CODE_SIGN_STYLE = Automatic;
				CURRENT_PROJECT_VERSION = 1;
				DEVELOPMENT_ASSET_PATHS = "\"ScholarHelp/Preview Content\"";
				DEVELOPMENT_TEAM = M9G93NFLU2;
				ENABLE_PREVIEWS = YES;
				GENERATE_INFOPLIST_FILE = YES;
				INFOPLIST_KEY_UIApplicationSceneManifest_Generation = YES;
				INFOPLIST_KEY_UIApplicationSupportsIndirectInputEvents = YES;
				INFOPLIST_KEY_UILaunchScreen_Generation = YES;
				INFOPLIST_KEY_UISupportedInterfaceOrientations_iPad = "UIInterfaceOrientationPortrait UIInterfaceOrientationPortraitUpsideDown UIInterfaceOrientationLandscapeLeft UIInterfaceOrientationLandscapeRight";
				INFOPLIST_KEY_UISupportedInterfaceOrientations_iPhone = "UIInterfaceOrientationPortrait UIInterfaceOrientationLandscapeLeft UIInterfaceOrientationLandscapeRight";
				LD_RUNPATH_SEARCH_PATHS = (
					"$(inherited)",
					"@executable_path/Frameworks",
				);
				MARKETING_VERSION = 1.0;
				PRODUCT_BUNDLE_IDENTIFIER = com.ivanovich.ScholarHelp;
				PRODUCT_NAME = "$(TARGET_NAME)";
				SWIFT_EMIT_LOC_STRINGS = YES;
				SWIFT_VERSION = 5.0;
				TARGETED_DEVICE_FAMILY = "1,2";
			};
			name = Debug;
		};
		F39C0AA92DB0B23300881EFE /* Release */ = {
			isa = XCBuildConfiguration;
			buildSettings = {
				ASSETCATALOG_COMPILER_APPICON_NAME = AppIcon;
				ASSETCATALOG_COMPILER_GLOBAL_ACCENT_COLOR_NAME = AccentColor;
				CODE_SIGN_STYLE = Automatic;
				CURRENT_PROJECT_VERSION = 1;
				DEVELOPMENT_ASSET_PATHS = "\"ScholarHelp/Preview Content\"";
				DEVELOPMENT_TEAM = M9G93NFLU2;
				ENABLE_PREVIEWS = YES;
				GENERATE_INFOPLIST_FILE = YES;
				INFOPLIST_KEY_UIApplicationSceneManifest_Generation = YES;
				INFOPLIST_KEY_UIApplicationSupportsIndirectInputEvents = YES;
				INFOPLIST_KEY_UILaunchScreen_Generation = YES;
				INFOPLIST_KEY_UISupportedInterfaceOrientations_iPad = "UIInterfaceOrientationPortrait UIInterfaceOrientationPortraitUpsideDown UIInterfaceOrientationLandscapeLeft UIInterfaceOrientationLandscapeRight";
				INFOPLIST_KEY_UISupportedInterfaceOrientations_iPhone = "UIInterfaceOrientationPortrait UIInterfaceOrientationLandscapeLeft UIInterfaceOrientationLandscapeRight";
				LD_RUNPATH_SEARCH_PATHS = (
					"$(inherited)",
					"@executable_path/Frameworks",
				);
				MARKETING_VERSION = 1.0;
				PRODUCT_BUNDLE_IDENTIFIER = com.ivanovich.ScholarHelp;
				PRODUCT_NAME = "$(TARGET_NAME)";
				SWIFT_EMIT_LOC_STRINGS = YES;
				SWIFT_VERSION = 5.0;
				TARGETED_DEVICE_FAMILY = "1,2";
			};
			name = Release;
		};
		F39C0AAB2DB0B23300881EFE /* Debug */ = {
			isa = XCBuildConfiguration;
			buildSettings = {
				BUNDLE_LOADER = "$(TEST_HOST)";
				CODE_SIGN_STYLE = Automatic;
				CURRENT_PROJECT_VERSION = 1;
				DEVELOPMENT_TEAM = M9G93NFLU2;
				GENERATE_INFOPLIST_FILE = YES;
				IPHONEOS_DEPLOYMENT_TARGET = 18.2;
				MARKETING_VERSION = 1.0;
				PRODUCT_BUNDLE_IDENTIFIER = com.ivanovich.ScholarHelpTests;
				PRODUCT_NAME = "$(TARGET_NAME)";
				SWIFT_EMIT_LOC_STRINGS = NO;
				SWIFT_VERSION = 5.0;
				TARGETED_DEVICE_FAMILY = "1,2";
				TEST_HOST = "$(BUILT_PRODUCTS_DIR)/ScholarHelp.app/$(BUNDLE_EXECUTABLE_FOLDER_PATH)/ScholarHelp";
			};
			name = Debug;
		};
		F39C0AAC2DB0B23300881EFE /* Release */ = {
			isa = XCBuildConfiguration;
			buildSettings = {
				BUNDLE_LOADER = "$(TEST_HOST)";
				CODE_SIGN_STYLE = Automatic;
				CURRENT_PROJECT_VERSION = 1;
				DEVELOPMENT_TEAM = M9G93NFLU2;
				GENERATE_INFOPLIST_FILE = YES;
				IPHONEOS_DEPLOYMENT_TARGET = 18.2;
				MARKETING_VERSION = 1.0;
				PRODUCT_BUNDLE_IDENTIFIER = com.ivanovich.ScholarHelpTests;
				PRODUCT_NAME = "$(TARGET_NAME)";
				SWIFT_EMIT_LOC_STRINGS = NO;
				SWIFT_VERSION = 5.0;
				TARGETED_DEVICE_FAMILY = "1,2";
				TEST_HOST = "$(BUILT_PRODUCTS_DIR)/ScholarHelp.app/$(BUNDLE_EXECUTABLE_FOLDER_PATH)/ScholarHelp";
			};
			name = Release;
		};
		F39C0AAE2DB0B23300881EFE /* Debug */ = {
			isa = XCBuildConfiguration;
			buildSettings = {
				CODE_SIGN_STYLE = Automatic;
				CURRENT_PROJECT_VERSION = 1;
				DEVELOPMENT_TEAM = M9G93NFLU2;
				GENERATE_INFOPLIST_FILE = YES;
				MARKETING_VERSION = 1.0;
				PRODUCT_BUNDLE_IDENTIFIER = com.ivanovich.ScholarHelpUITests;
				PRODUCT_NAME = "$(TARGET_NAME)";
				SWIFT_EMIT_LOC_STRINGS = NO;
				SWIFT_VERSION = 5.0;
				TARGETED_DEVICE_FAMILY = "1,2";
				TEST_TARGET_NAME = ScholarHelp;
			};
			name = Debug;
		};
		F39C0AAF2DB0B23300881EFE /* Release */ = {
			isa = XCBuildConfiguration;
			buildSettings = {
				CODE_SIGN_STYLE = Automatic;
				CURRENT_PROJECT_VERSION = 1;
				DEVELOPMENT_TEAM = M9G93NFLU2;
				GENERATE_INFOPLIST_FILE = YES;
				MARKETING_VERSION = 1.0;
				PRODUCT_BUNDLE_IDENTIFIER = com.ivanovich.ScholarHelpUITests;
				PRODUCT_NAME = "$(TARGET_NAME)";
				SWIFT_EMIT_LOC_STRINGS = NO;
				SWIFT_VERSION = 5.0;
				TARGETED_DEVICE_FAMILY = "1,2";
				TEST_TARGET_NAME = ScholarHelp;
			};
			name = Release;
		};
/* End XCBuildConfiguration section */

/* Begin XCConfigurationList section */
		F39C0A7E2DB0B23200881EFE /* Build configuration list for PBXProject "ScholarHelp" */ = {
			isa = XCConfigurationList;
			buildConfigurations = (
				F39C0AA52DB0B23300881EFE /* Debug */,
				F39C0AA62DB0B23300881EFE /* Release */,
			);
			defaultConfigurationIsVisible = 0;
			defaultConfigurationName = Release;
		};
		F39C0AA72DB0B23300881EFE /* Build configuration list for PBXNativeTarget "ScholarHelp" */ = {
			isa = XCConfigurationList;
			buildConfigurations = (
				F39C0AA82DB0B23300881EFE /* Debug */,
				F39C0AA92DB0B23300881EFE /* Release */,
			);
			defaultConfigurationIsVisible = 0;
			defaultConfigurationName = Release;
		};
		F39C0AAA2DB0B23300881EFE /* Build configuration list for PBXNativeTarget "ScholarHelpTests" */ = {
			isa = XCConfigurationList;
			buildConfigurations = (
				F39C0AAB2DB0B23300881EFE /* Debug */,
				F39C0AAC2DB0B23300881EFE /* Release */,
			);
			defaultConfigurationIsVisible = 0;
			defaultConfigurationName = Release;
		};
		F39C0AAD2DB0B23300881EFE /* Build configuration list for PBXNativeTarget "ScholarHelpUITests" */ = {
			isa = XCConfigurationList;
			buildConfigurations = (
				F39C0AAE2DB0B23300881EFE /* Debug */,
				F39C0AAF2DB0B23300881EFE /* Release */,
			);
			defaultConfigurationIsVisible = 0;
			defaultConfigurationName = Release;
		};
/* End XCConfigurationList section */
	};
	rootObject = F39C0A7B2DB0B23200881EFE /* Project object */;
}
